// !$*UTF8*$!
{
	archiveVersion = 1;
	classes = {
	};
	objectVersion = 77;
	objects = {

/* Begin PBXBuildFile section */
		01B48A7028CFB72195C58B2D /* WhisperTranscriber.swift in Sources */ = {isa = PBXBuildFile; fileRef = 9F004C8BF14A355BA6E7BE53 /* WhisperTranscriber.swift */; };
		4483C5B57F9AA79A5BC98FF0 /* ContentView.swift in Sources */ = {isa = PBXBuildFile; fileRef = D98886BD62556A68913AF307 /* ContentView.swift */; };
		5332CE9F5784C9CB56F4FB32 /* PermissionManager.swift in Sources */ = {isa = PBXBuildFile; fileRef = 5BCA5F60AAE5DC8670648985 /* PermissionManager.swift */; };
		5A0B68A194799C82DB2DB707 /* GlobalHotkey.swift in Sources */ = {isa = PBXBuildFile; fileRef = F3ED5EC76C4A8FBD01EAE980 /* GlobalHotkey.swift */; };
		615A2007A80DF26C37267EFE /* WhisperCommandTests.swift in Sources */ = {isa = PBXBuildFile; fileRef = 777A8E532211D9EF869A4C9B /* WhisperCommandTests.swift */; };
		960FDAB8987CD321E6DD3BC4 /* AudioRecorder.swift in Sources */ = {isa = PBXBuildFile; fileRef = A6CB9B6F8384C3865AC9AE4F /* AudioRecorder.swift */; };
		ACC973810981885DF1471FD1 /* WhisperDictateMacApp.swift in Sources */ = {isa = PBXBuildFile; fileRef = 06D26DBD35C621E7BADC1544 /* WhisperDictateMacApp.swift */; };
		B3F111B76EEA87CBA4D7952F /* DependencyChecker.swift in Sources */ = {isa = PBXBuildFile; fileRef = 21A61A9EEE76D5BA742A878A /* DependencyChecker.swift */; };
		C0E30E57ABCFE7D259E12960 /* DictationController.swift in Sources */ = {isa = PBXBuildFile; fileRef = 6006089DD8FA9317671045A6 /* DictationController.swift */; };
		D0A7734236BCCC2BFC0F7917 /* Assets.xcassets in Resources */ = {isa = PBXBuildFile; fileRef = 24CCEB8BEBC4090CFBF0C638 /* Assets.xcassets */; };
		DC40EDED8600BC4B0FFE969F /* ExecutableResolver.swift in Sources */ = {isa = PBXBuildFile; fileRef = A67C5D198965FF727B6A28C4 /* ExecutableResolver.swift */; };
		DC517F992B88E8CE1E086733 /* AppSettings.swift in Sources */ = {isa = PBXBuildFile; fileRef = 0CB2703A9C5BC7EF3E341C94 /* AppSettings.swift */; };
		F24F387488E73B27550B5A4E /* ClipboardPaster.swift in Sources */ = {isa = PBXBuildFile; fileRef = E0BBEA7E0934E0F0823F6715 /* ClipboardPaster.swift */; };
/* End PBXBuildFile section */

/* Begin PBXContainerItemProxy section */
		31017FF7E37B8FAB77EDFD3A /* PBXContainerItemProxy */ = {
			isa = PBXContainerItemProxy;
			containerPortal = 96D632C3DECEA7EB6B7D87BF /* Project object */;
			proxyType = 1;
			remoteGlobalIDString = 7729D0551BC62396F890D2EF;
			remoteInfo = WhisperDictateMac;
		};
/* End PBXContainerItemProxy section */

/* Begin PBXFileReference section */
		06D26DBD35C621E7BADC1544 /* WhisperDictateMacApp.swift */ = {isa = PBXFileReference; lastKnownFileType = sourcecode.swift; path = WhisperDictateMacApp.swift; sourceTree = "<group>"; };
		0813AF86225EFA7EED3F5385 /* WhisperDictateMac.entitlements */ = {isa = PBXFileReference; lastKnownFileType = text.plist.entitlements; path = WhisperDictateMac.entitlements; sourceTree = "<group>"; };
		0CB2703A9C5BC7EF3E341C94 /* AppSettings.swift */ = {isa = PBXFileReference; lastKnownFileType = sourcecode.swift; path = AppSettings.swift; sourceTree = "<group>"; };
		21A61A9EEE76D5BA742A878A /* DependencyChecker.swift */ = {isa = PBXFileReference; lastKnownFileType = sourcecode.swift; path = DependencyChecker.swift; sourceTree = "<group>"; };
		24CCEB8BEBC4090CFBF0C638 /* Assets.xcassets */ = {isa = PBXFileReference; lastKnownFileType = folder.assetcatalog; path = Assets.xcassets; sourceTree = "<group>"; };
		5BCA5F60AAE5DC8670648985 /* PermissionManager.swift */ = {isa = PBXFileReference; lastKnownFileType = sourcecode.swift; path = PermissionManager.swift; sourceTree = "<group>"; };
		6006089DD8FA9317671045A6 /* DictationController.swift */ = {isa = PBXFileReference; lastKnownFileType = sourcecode.swift; path = DictationController.swift; sourceTree = "<group>"; };
		777A8E532211D9EF869A4C9B /* WhisperCommandTests.swift */ = {isa = PBXFileReference; lastKnownFileType = sourcecode.swift; path = WhisperCommandTests.swift; sourceTree = "<group>"; };
		9F004C8BF14A355BA6E7BE53 /* WhisperTranscriber.swift */ = {isa = PBXFileReference; lastKnownFileType = sourcecode.swift; path = WhisperTranscriber.swift; sourceTree = "<group>"; };
		A67C5D198965FF727B6A28C4 /* ExecutableResolver.swift */ = {isa = PBXFileReference; lastKnownFileType = sourcecode.swift; path = ExecutableResolver.swift; sourceTree = "<group>"; };
		A6CB9B6F8384C3865AC9AE4F /* AudioRecorder.swift */ = {isa = PBXFileReference; lastKnownFileType = sourcecode.swift; path = AudioRecorder.swift; sourceTree = "<group>"; };
		B83CE49BDC0AFB9DAC808E7C /* WhisperDictateMac.app */ = {isa = PBXFileReference; explicitFileType = wrapper.application; includeInIndex = 0; path = WhisperDictateMac.app; sourceTree = BUILT_PRODUCTS_DIR; };
		C691812F630DEFB92E714578 /* Info.plist */ = {isa = PBXFileReference; lastKnownFileType = text.plist; path = Info.plist; sourceTree = "<group>"; };
		D98886BD62556A68913AF307 /* ContentView.swift */ = {isa = PBXFileReference; lastKnownFileType = sourcecode.swift; path = ContentView.swift; sourceTree = "<group>"; };
		DD59CA3E7CA7784643433DD1 /* WhisperDictateMacTests.xctest */ = {isa = PBXFileReference; explicitFileType = wrapper.cfbundle; includeInIndex = 0; path = WhisperDictateMacTests.xctest; sourceTree = BUILT_PRODUCTS_DIR; };
		E0BBEA7E0934E0F0823F6715 /* ClipboardPaster.swift */ = {isa = PBXFileReference; lastKnownFileType = sourcecode.swift; path = ClipboardPaster.swift; sourceTree = "<group>"; };
		F3ED5EC76C4A8FBD01EAE980 /* GlobalHotkey.swift */ = {isa = PBXFileReference; lastKnownFileType = sourcecode.swift; path = GlobalHotkey.swift; sourceTree = "<group>"; };
/* End PBXFileReference section */

/* Begin PBXGroup section */
		36D93258EBAF352FBC91E314 /* WhisperDictateMac */ = {
			isa = PBXGroup;
			children = (
				24CCEB8BEBC4090CFBF0C638 /* Assets.xcassets */,
				C691812F630DEFB92E714578 /* Info.plist */,
				0813AF86225EFA7EED3F5385 /* WhisperDictateMac.entitlements */,
				6F42B3503F63603131E2267D /* App */,
				E53AA23830F80BC18ACF1B1F /* Services */,
				376F50A7557ACB242F6A15DB /* Views */,
			);
			path = WhisperDictateMac;
			sourceTree = "<group>";
		};
		376F50A7557ACB242F6A15DB /* Views */ = {
			isa = PBXGroup;
			children = (
				D98886BD62556A68913AF307 /* ContentView.swift */,
			);
			path = Views;
			sourceTree = "<group>";
		};
		6613F5DDC1B79AC4952F7A3D /* WhisperDictateMacTests */ = {
			isa = PBXGroup;
			children = (
				777A8E532211D9EF869A4C9B /* WhisperCommandTests.swift */,
			);
			path = WhisperDictateMacTests;
			sourceTree = "<group>";
		};
		6F42B3503F63603131E2267D /* App */ = {
			isa = PBXGroup;
			children = (
				06D26DBD35C621E7BADC1544 /* WhisperDictateMacApp.swift */,
			);
			path = App;
			sourceTree = "<group>";
		};
		93D097758D41E1255A1A6364 /* Products */ = {
			isa = PBXGroup;
			children = (
				B83CE49BDC0AFB9DAC808E7C /* WhisperDictateMac.app */,
				DD59CA3E7CA7784643433DD1 /* WhisperDictateMacTests.xctest */,
			);
			name = Products;
			sourceTree = "<group>";
		};
		E53AA23830F80BC18ACF1B1F /* Services */ = {
			isa = PBXGroup;
			children = (
				0CB2703A9C5BC7EF3E341C94 /* AppSettings.swift */,
				A6CB9B6F8384C3865AC9AE4F /* AudioRecorder.swift */,
				E0BBEA7E0934E0F0823F6715 /* ClipboardPaster.swift */,
				21A61A9EEE76D5BA742A878A /* DependencyChecker.swift */,
				6006089DD8FA9317671045A6 /* DictationController.swift */,
				A67C5D198965FF727B6A28C4 /* ExecutableResolver.swift */,
				F3ED5EC76C4A8FBD01EAE980 /* GlobalHotkey.swift */,
				5BCA5F60AAE5DC8670648985 /* PermissionManager.swift */,
				9F004C8BF14A355BA6E7BE53 /* WhisperTranscriber.swift */,
			);
			path = Services;
			sourceTree = "<group>";
		};
		E941D6B298C4BE1EDEF23599 = {
			isa = PBXGroup;
			children = (
				36D93258EBAF352FBC91E314 /* WhisperDictateMac */,
				6613F5DDC1B79AC4952F7A3D /* WhisperDictateMacTests */,
				93D097758D41E1255A1A6364 /* Products */,
			);
			sourceTree = "<group>";
		};
/* End PBXGroup section */

/* Begin PBXNativeTarget section */
		3351A1DC098367E8D06BC16D /* WhisperDictateMacTests */ = {
			isa = PBXNativeTarget;
			buildConfigurationList = D28B8696F819E909C572B3BC /* Build configuration list for PBXNativeTarget "WhisperDictateMacTests" */;
			buildPhases = (
				C9A9378A2FB06E8BD67BBE45 /* Sources */,
			);
			buildRules = (
			);
			dependencies = (
				FB9232B2607156E090668628 /* PBXTargetDependency */,
			);
			name = WhisperDictateMacTests;
			packageProductDependencies = (
			);
			productName = WhisperDictateMacTests;
			productReference = DD59CA3E7CA7784643433DD1 /* WhisperDictateMacTests.xctest */;
			productType = "com.apple.product-type.bundle.unit-test";
		};
		7729D0551BC62396F890D2EF /* WhisperDictateMac */ = {
			isa = PBXNativeTarget;
			buildConfigurationList = 1E6791A2D807BE3C5189EC48 /* Build configuration list for PBXNativeTarget "WhisperDictateMac" */;
			buildPhases = (
				FC9BEAB46FED2BF1F1A7EF90 /* Sources */,
				168CBD2BECAF522F356D1BA6 /* Resources */,
			);
			buildRules = (
			);
			dependencies = (
			);
			name = WhisperDictateMac;
			packageProductDependencies = (
			);
			productName = WhisperDictateMac;
			productReference = B83CE49BDC0AFB9DAC808E7C /* WhisperDictateMac.app */;
			productType = "com.apple.product-type.application";
		};
/* End PBXNativeTarget section */

/* Begin PBXProject section */
		96D632C3DECEA7EB6B7D87BF /* Project object */ = {
			isa = PBXProject;
			attributes = {
				BuildIndependentTargetsInParallel = YES;
				LastUpgradeCheck = 1600;
				TargetAttributes = {
					7729D0551BC62396F890D2EF = {
						ProvisioningStyle = Automatic;
					};
				};
			};
			buildConfigurationList = DAAB1A80F9812021153BE24E /* Build configuration list for PBXProject "WhisperDictateMac" */;
			developmentRegion = en;
			hasScannedForEncodings = 0;
			knownRegions = (
				Base,
				en,
			);
			mainGroup = E941D6B298C4BE1EDEF23599;
			minimizedProjectReferenceProxies = 1;
			preferredProjectObjectVersion = 77;
			productRefGroup = 93D097758D41E1255A1A6364 /* Products */;
			projectDirPath = "";
			projectRoot = "";
			targets = (
				7729D0551BC62396F890D2EF /* WhisperDictateMac */,
				3351A1DC098367E8D06BC16D /* WhisperDictateMacTests */,
			);
		};
/* End PBXProject section */

/* Begin PBXResourcesBuildPhase section */
		168CBD2BECAF522F356D1BA6 /* Resources */ = {
			isa = PBXResourcesBuildPhase;
			buildActionMask = 2147483647;
			files = (
				D0A7734236BCCC2BFC0F7917 /* Assets.xcassets in Resources */,
			);
			runOnlyForDeploymentPostprocessing = 0;
		};
/* End PBXResourcesBuildPhase section */

/* Begin PBXSourcesBuildPhase section */
		C9A9378A2FB06E8BD67BBE45 /* Sources */ = {
			isa = PBXSourcesBuildPhase;
			buildActionMask = 2147483647;
			files = (
				615A2007A80DF26C37267EFE /* WhisperCommandTests.swift in Sources */,
			);
			runOnlyForDeploymentPostprocessing = 0;
		};
		FC9BEAB46FED2BF1F1A7EF90 /* Sources */ = {
			isa = PBXSourcesBuildPhase;
			buildActionMask = 2147483647;
			files = (
				DC517F992B88E8CE1E086733 /* AppSettings.swift in Sources */,
				960FDAB8987CD321E6DD3BC4 /* AudioRecorder.swift in Sources */,
				F24F387488E73B27550B5A4E /* ClipboardPaster.swift in Sources */,
				4483C5B57F9AA79A5BC98FF0 /* ContentView.swift in Sources */,
				B3F111B76EEA87CBA4D7952F /* DependencyChecker.swift in Sources */,
				C0E30E57ABCFE7D259E12960 /* DictationController.swift in Sources */,
				DC40EDED8600BC4B0FFE969F /* ExecutableResolver.swift in Sources */,
				5A0B68A194799C82DB2DB707 /* GlobalHotkey.swift in Sources */,
				5332CE9F5784C9CB56F4FB32 /* PermissionManager.swift in Sources */,
				ACC973810981885DF1471FD1 /* WhisperDictateMacApp.swift in Sources */,
				01B48A7028CFB72195C58B2D /* WhisperTranscriber.swift in Sources */,
			);
			runOnlyForDeploymentPostprocessing = 0;
		};
/* End PBXSourcesBuildPhase section */

/* Begin PBXTargetDependency section */
		FB9232B2607156E090668628 /* PBXTargetDependency */ = {
			isa = PBXTargetDependency;
			target = 7729D0551BC62396F890D2EF /* WhisperDictateMac */;
			targetProxy = 31017FF7E37B8FAB77EDFD3A /* PBXContainerItemProxy */;
		};
/* End PBXTargetDependency section */

/* Begin XCBuildConfiguration section */
		AE9D5C8F5A23EDD9817BE89C /* Debug */ = {
			isa = XCBuildConfiguration;
			buildSettings = {
				ALWAYS_SEARCH_USER_PATHS = NO;
				CLANG_ANALYZER_NONNULL = YES;
				CLANG_ANALYZER_NUMBER_OBJECT_CONVERSION = YES_AGGRESSIVE;
				CLANG_CXX_LANGUAGE_STANDARD = "gnu++14";
				CLANG_CXX_LIBRARY = "libc++";
				CLANG_ENABLE_MODULES = YES;
				CLANG_ENABLE_OBJC_ARC = YES;
				CLANG_ENABLE_OBJC_WEAK = YES;
				CLANG_WARN_BLOCK_CAPTURE_AUTORELEASING = YES;
				CLANG_WARN_BOOL_CONVERSION = YES;
				CLANG_WARN_COMMA = YES;
				CLANG_WARN_CONSTANT_CONVERSION = YES;
				CLANG_WARN_DEPRECATED_OBJC_IMPLEMENTATIONS = YES;
				CLANG_WARN_DIRECT_OBJC_ISA_USAGE = YES_ERROR;
				CLANG_WARN_DOCUMENTATION_COMMENTS = YES;
				CLANG_WARN_EMPTY_BODY = YES;
				CLANG_WARN_ENUM_CONVERSION = YES;
				CLANG_WARN_INFINITE_RECURSION = YES;
				CLANG_WARN_INT_CONVERSION = YES;
				CLANG_WARN_NON_LITERAL_NULL_CONVERSION = YES;
				CLANG_WARN_OBJC_IMPLICIT_RETAIN_SELF = YES;
				CLANG_WARN_OBJC_LITERAL_CONVERSION = YES;
				CLANG_WARN_OBJC_ROOT_CLASS = YES_ERROR;
				CLANG_WARN_QUOTED_INCLUDE_IN_FRAMEWORK_HEADER = YES;
				CLANG_WARN_RANGE_LOOP_ANALYSIS = YES;
				CLANG_WARN_STRICT_PROTOTYPES = YES;
				CLANG_WARN_SUSPICIOUS_MOVE = YES;
				CLANG_WARN_UNGUARDED_AVAILABILITY = YES_AGGRESSIVE;
				CLANG_WARN_UNREACHABLE_CODE = YES;
				CLANG_WARN__DUPLICATE_METHOD_MATCH = YES;
				COPY_PHASE_STRIP = NO;
				DEBUG_INFORMATION_FORMAT = dwarf;
				ENABLE_DEBUG_DYLIB = NO;
				ENABLE_HARDENED_RUNTIME = YES;
				ENABLE_STRICT_OBJC_MSGSEND = YES;
				ENABLE_TESTABILITY = YES;
				GCC_C_LANGUAGE_STANDARD = gnu11;
				GCC_DYNAMIC_NO_PIC = NO;
				GCC_NO_COMMON_BLOCKS = YES;
				GCC_OPTIMIZATION_LEVEL = 0;
				GCC_PREPROCESSOR_DEFINITIONS = (
					"$(inherited)",
					"DEBUG=1",
				);
				GCC_WARN_64_TO_32_BIT_CONVERSION = YES;
				GCC_WARN_ABOUT_RETURN_TYPE = YES_ERROR;
				GCC_WARN_UNDECLARED_SELECTOR = YES;
				GCC_WARN_UNINITIALIZED_AUTOS = YES_AGGRESSIVE;
				GCC_WARN_UNUSED_FUNCTION = YES;
				GCC_WARN_UNUSED_VARIABLE = YES;
				MACOSX_DEPLOYMENT_TARGET = 14.0;
				MTL_ENABLE_DEBUG_INFO = INCLUDE_SOURCE;
				MTL_FAST_MATH = YES;
				ONLY_ACTIVE_ARCH = YES;
				PRODUCT_NAME = "$(TARGET_NAME)";
				SDKROOT = macosx;
				SWIFT_ACTIVE_COMPILATION_CONDITIONS = DEBUG;
				SWIFT_OPTIMIZATION_LEVEL = "-Onone";
				SWIFT_VERSION = 5.10;
			};
			name = Debug;
		};
		C7FF0FC546F8A5D66C5BD20F /* Debug */ = {
			isa = XCBuildConfiguration;
			buildSettings = {
				BUNDLE_LOADER = "$(TEST_HOST)";
				COMBINE_HIDPI_IMAGES = YES;
				GENERATE_INFOPLIST_FILE = YES;
				LD_RUNPATH_SEARCH_PATHS = (
					"$(inherited)",
					"@executable_path/../Frameworks",
					"@loader_path/../Frameworks",
				);
				PRODUCT_BUNDLE_IDENTIFIER = "com.gmalonso.whisper-dictate-mac.tests";
				SDKROOT = macosx;
				TEST_HOST = "$(BUILT_PRODUCTS_DIR)/WhisperDictateMac.app/Contents/MacOS/WhisperDictateMac";
			};
			name = Debug;
		};
		D6A365D5C46B0209573E3D40 /* Release */ = {
			isa = XCBuildConfiguration;
			buildSettings = {
				ALWAYS_SEARCH_USER_PATHS = NO;
				CLANG_ANALYZER_NONNULL = YES;
				CLANG_ANALYZER_NUMBER_OBJECT_CONVERSION = YES_AGGRESSIVE;
				CLANG_CXX_LANGUAGE_STANDARD = "gnu++14";
				CLANG_CXX_LIBRARY = "libc++";
				CLANG_ENABLE_MODULES = YES;
				CLANG_ENABLE_OBJC_ARC = YES;
				CLANG_ENABLE_OBJC_WEAK = YES;
				CLANG_WARN_BLOCK_CAPTURE_AUTORELEASING = YES;
				CLANG_WARN_BOOL_CONVERSION = YES;
				CLANG_WARN_COMMA = YES;
				CLANG_WARN_CONSTANT_CONVERSION = YES;
				CLANG_WARN_DEPRECATED_OBJC_IMPLEMENTATIONS = YES;
				CLANG_WARN_DIRECT_OBJC_ISA_USAGE = YES_ERROR;
				CLANG_WARN_DOCUMENTATION_COMMENTS = YES;
				CLANG_WARN_EMPTY_BODY = YES;
				CLANG_WARN_ENUM_CONVERSION = YES;
				CLANG_WARN_INFINITE_RECURSION = YES;
				CLANG_WARN_INT_CONVERSION = YES;
				CLANG_WARN_NON_LITERAL_NULL_CONVERSION = YES;
				CLANG_WARN_OBJC_IMPLICIT_RETAIN_SELF = YES;
				CLANG_WARN_OBJC_LITERAL_CONVERSION = YES;
				CLANG_WARN_OBJC_ROOT_CLASS = YES_ERROR;
				CLANG_WARN_QUOTED_INCLUDE_IN_FRAMEWORK_HEADER = YES;
				CLANG_WARN_RANGE_LOOP_ANALYSIS = YES;
				CLANG_WARN_STRICT_PROTOTYPES = YES;
				CLANG_WARN_SUSPICIOUS_MOVE = YES;
				CLANG_WARN_UNGUARDED_AVAILABILITY = YES_AGGRESSIVE;
				CLANG_WARN_UNREACHABLE_CODE = YES;
				CLANG_WARN__DUPLICATE_METHOD_MATCH = YES;
				COPY_PHASE_STRIP = NO;
				DEBUG_INFORMATION_FORMAT = "dwarf-with-dsym";
				ENABLE_DEBUG_DYLIB = NO;
				ENABLE_HARDENED_RUNTIME = YES;
				ENABLE_NS_ASSERTIONS = NO;
				ENABLE_STRICT_OBJC_MSGSEND = YES;
				GCC_C_LANGUAGE_STANDARD = gnu11;
				GCC_NO_COMMON_BLOCKS = YES;
				GCC_WARN_64_TO_32_BIT_CONVERSION = YES;
				GCC_WARN_ABOUT_RETURN_TYPE = YES_ERROR;
				GCC_WARN_UNDECLARED_SELECTOR = YES;
				GCC_WARN_UNINITIALIZED_AUTOS = YES_AGGRESSIVE;
				GCC_WARN_UNUSED_FUNCTION = YES;
				GCC_WARN_UNUSED_VARIABLE = YES;
				MACOSX_DEPLOYMENT_TARGET = 14.0;
				MTL_ENABLE_DEBUG_INFO = NO;
				MTL_FAST_MATH = YES;
				PRODUCT_NAME = "$(TARGET_NAME)";
				SDKROOT = macosx;
				SWIFT_COMPILATION_MODE = wholemodule;
				SWIFT_OPTIMIZATION_LEVEL = "-O";
				SWIFT_VERSION = 5.10;
			};
			name = Release;
		};
		E389BF8809147C023489241A /* Release */ = {
			isa = XCBuildConfiguration;
			buildSettings = {
				ASSETCATALOG_COMPILER_APPICON_NAME = AppIcon;
				CODE_SIGN_ENTITLEMENTS = WhisperDictateMac/WhisperDictateMac.entitlements;
				CODE_SIGN_STYLE = Automatic;
				COMBINE_HIDPI_IMAGES = YES;
				CURRENT_PROJECT_VERSION = 1;
				INFOPLIST_FILE = WhisperDictateMac/Info.plist;
				LD_RUNPATH_SEARCH_PATHS = (
					"$(inherited)",
					"@executable_path/../Frameworks",
				);
				MARKETING_VERSION = 0.1.0;
				PRODUCT_BUNDLE_IDENTIFIER = "com.gmalonso.whisper-dictate-mac";
				SDKROOT = macosx;
			};
			name = Release;
		};
		E8B5A2AED8BFA00C1183ED36 /* Debug */ = {
			isa = XCBuildConfiguration;
			buildSettings = {
				ASSETCATALOG_COMPILER_APPICON_NAME = AppIcon;
				CODE_SIGN_ENTITLEMENTS = WhisperDictateMac/WhisperDictateMac.entitlements;
				CODE_SIGN_STYLE = Automatic;
				COMBINE_HIDPI_IMAGES = YES;
				CURRENT_PROJECT_VERSION = 1;
				INFOPLIST_FILE = WhisperDictateMac/Info.plist;
				LD_RUNPATH_SEARCH_PATHS = (
					"$(inherited)",
					"@executable_path/../Frameworks",
				);
				MARKETING_VERSION = 0.1.0;
				PRODUCT_BUNDLE_IDENTIFIER = "com.gmalonso.whisper-dictate-mac";
				SDKROOT = macosx;
			};
			name = Debug;
		};
		FBEF22410616B9373E45EE55 /* Release */ = {
			isa = XCBuildConfiguration;
			buildSettings = {
				BUNDLE_LOADER = "$(TEST_HOST)";
				COMBINE_HIDPI_IMAGES = YES;
				GENERATE_INFOPLIST_FILE = YES;
				LD_RUNPATH_SEARCH_PATHS = (
					"$(inherited)",
					"@executable_path/../Frameworks",
					"@loader_path/../Frameworks",
				);
				PRODUCT_BUNDLE_IDENTIFIER = "com.gmalonso.whisper-dictate-mac.tests";
				SDKROOT = macosx;
				TEST_HOST = "$(BUILT_PRODUCTS_DIR)/WhisperDictateMac.app/Contents/MacOS/WhisperDictateMac";
			};
			name = Release;
		};
/* End XCBuildConfiguration section */

/* Begin XCConfigurationList section */
		1E6791A2D807BE3C5189EC48 /* Build configuration list for PBXNativeTarget "WhisperDictateMac" */ = {
			isa = XCConfigurationList;
			buildConfigurations = (
				E8B5A2AED8BFA00C1183ED36 /* Debug */,
				E389BF8809147C023489241A /* Release */,
			);
			defaultConfigurationIsVisible = 0;
			defaultConfigurationName = Debug;
		};
		D28B8696F819E909C572B3BC /* Build configuration list for PBXNativeTarget "WhisperDictateMacTests" */ = {
			isa = XCConfigurationList;
			buildConfigurations = (
				C7FF0FC546F8A5D66C5BD20F /* Debug */,
				FBEF22410616B9373E45EE55 /* Release */,
			);
			defaultConfigurationIsVisible = 0;
			defaultConfigurationName = Debug;
		};
		DAAB1A80F9812021153BE24E /* Build configuration list for PBXProject "WhisperDictateMac" */ = {
			isa = XCConfigurationList;
			buildConfigurations = (
				AE9D5C8F5A23EDD9817BE89C /* Debug */,
				D6A365D5C46B0209573E3D40 /* Release */,
			);
			defaultConfigurationIsVisible = 0;
			defaultConfigurationName = Debug;
		};
/* End XCConfigurationList section */
	};
	rootObject = 96D632C3DECEA7EB6B7D87BF /* Project object */;
}
