// !$*UTF8*$!
{
	archiveVersion = 1;
	classes = {
	};
	objectVersion = 77;
	objects = {

/* Begin PBXBuildFile section */
		036D7DAB7032F4394EEF9143 /* SettingsComponents.swift in Sources */ = {isa = PBXBuildFile; fileRef = 2569BBD45C75D83DAF48EEBB /* SettingsComponents.swift */; };
		0694E62441EC2C48C5415FD4 /* PhoneticNormalizer.swift in Sources */ = {isa = PBXBuildFile; fileRef = 37F782F0E657B0C40EB526F2 /* PhoneticNormalizer.swift */; };
		070C2E7BDB8C6444E99965EE /* ReplacementEngine.swift in Sources */ = {isa = PBXBuildFile; fileRef = 8DDFFDC894F5CFDBDCD8D5AD /* ReplacementEngine.swift */; };
		0D181FD5DCB7E1B6394802D4 /* OnboardingWelcomeStep.swift in Sources */ = {isa = PBXBuildFile; fileRef = 93881C4C1F7EBB7278F7EC29 /* OnboardingWelcomeStep.swift */; };
		103F937AE2E45DFC137777B1 /* LaunchAtLoginManager.swift in Sources */ = {isa = PBXBuildFile; fileRef = 2674CFE19CFC015071C98CC9 /* LaunchAtLoginManager.swift */; };
		1136A136886FD177E215839D /* OnboardingHotkeyStep.swift in Sources */ = {isa = PBXBuildFile; fileRef = 13011C48221343938AA0866E /* OnboardingHotkeyStep.swift */; };
		13849D919BA9B086D982E2AA /* StatsView.swift in Sources */ = {isa = PBXBuildFile; fileRef = 6D132627EE66AD25C37EE596 /* StatsView.swift */; };
		145F98D5CA33C9937D1050FE /* AudioFeedbackManager.swift in Sources */ = {isa = PBXBuildFile; fileRef = C00CDD15A3D369C9A305800E /* AudioFeedbackManager.swift */; };
		1A9B5469D59E258B0DD0050C /* AppTypography.swift in Sources */ = {isa = PBXBuildFile; fileRef = ABCB9C3B6DF0483C2A2CD5FC /* AppTypography.swift */; };
		1DFEF612150394C535D45B3A /* PermissionManager.swift in Sources */ = {isa = PBXBuildFile; fileRef = 771E7CCF1CE2A90C1657FB04 /* PermissionManager.swift */; };
		1EE4F23E62F2059EACAA53F7 /* LastTranscriptionCard.swift in Sources */ = {isa = PBXBuildFile; fileRef = 3B0550EE56402CA623A7D0E1 /* LastTranscriptionCard.swift */; };
		234E5971DABF9E00B9A1C732 /* Assets.xcassets in Resources */ = {isa = PBXBuildFile; fileRef = 0C43251F44F951DC9839144A /* Assets.xcassets */; };
		252B5C6F55206873AF4FA217 /* SettingsView.swift in Sources */ = {isa = PBXBuildFile; fileRef = 07C5923866CFE015C776B15B /* SettingsView.swift */; };
		2567D4D11E8B3681F2ADCB9E /* OnboardingAccessibilityStep.swift in Sources */ = {isa = PBXBuildFile; fileRef = 1A2ECCBB92B112ADA1FC1F10 /* OnboardingAccessibilityStep.swift */; };
		2CD69F286EE049BDC35C4278 /* SpellCheckService.swift in Sources */ = {isa = PBXBuildFile; fileRef = 7B6BBB446C934DC35DB05DBB /* SpellCheckService.swift */; };
		30960518EB81F74C86B6008C /* DictionaryView.swift in Sources */ = {isa = PBXBuildFile; fileRef = 560C7D997E32638E86A5A9C8 /* DictionaryView.swift */; };
		3F10ED1738F967396879833F /* DeviceLanguageMapper.swift in Sources */ = {isa = PBXBuildFile; fileRef = DEFDF4DCDE4F32112B06949A /* DeviceLanguageMapper.swift */; };
		40E4C19AA5E5A7EC00A3B064 /* HistoryDetailView.swift in Sources */ = {isa = PBXBuildFile; fileRef = 05655ACB6FC2D0297C78D32B /* HistoryDetailView.swift */; };
		4199D82B4DF1E87040B23F71 /* OnboardingMicrophoneStep.swift in Sources */ = {isa = PBXBuildFile; fileRef = 80AA6F7341BFA2B46A6CF61B /* OnboardingMicrophoneStep.swift */; };
		41D583F9152229E6492B262F /* FeedbackView.swift in Sources */ = {isa = PBXBuildFile; fileRef = C164DDEBD0312C29C25E3881 /* FeedbackView.swift */; };
		4A9C156B63DB1DA80CEB6334 /* DictionaryMatcher.swift in Sources */ = {isa = PBXBuildFile; fileRef = C7D57B3A669C7B53F535AEE8 /* DictionaryMatcher.swift */; };
		4B7DC704CF191314162DECFC /* HotkeySettingView.swift in Sources */ = {isa = PBXBuildFile; fileRef = C79313D45B1F7DDA0049A547 /* HotkeySettingView.swift */; };
		4FDB9AB172A89C73B9E25770 /* MacAppKeys.swift in Sources */ = {isa = PBXBuildFile; fileRef = A0A2FC530279B6DA4C0E3EE8 /* MacAppKeys.swift */; };
		583972F87D53CE8808D9EF30 /* AudioRecorderMac.swift in Sources */ = {isa = PBXBuildFile; fileRef = 2CF5AF48EA0F997324C78287 /* AudioRecorderMac.swift */; };
		5BEFAE0E3E257990991CF47F /* DictateSettingsView.swift in Sources */ = {isa = PBXBuildFile; fileRef = 61E92EEC8EB1C655E183B463 /* DictateSettingsView.swift */; };
		5D6BA971E717506F6A9D9F0C /* HistoryView.swift in Sources */ = {isa = PBXBuildFile; fileRef = 49CC634CFEEB0BDCE6592475 /* HistoryView.swift */; };
		6259B3944751785CC972EA06 /* AvatarImageCache.swift in Sources */ = {isa = PBXBuildFile; fileRef = F39EB5D9B0A03AC0AF992332 /* AvatarImageCache.swift */; };
		678AEBA89DBBA1BE8FF83A08 /* FormattingMode.swift in Sources */ = {isa = PBXBuildFile; fileRef = F5345F311E88E6AE36991233 /* FormattingMode.swift */; };
		6A8D973AB7FEC9659380970F /* OverlayPosition.swift in Sources */ = {isa = PBXBuildFile; fileRef = C7E9E67295E9243DB1447E4D /* OverlayPosition.swift */; };
		71E5C38B759EAF81162634BF /* DictionaryEntry.swift in Sources */ = {isa = PBXBuildFile; fileRef = 37BC482E90BDC145CF3907A0 /* DictionaryEntry.swift */; };
		77AC7C6C451CE0ED3A43C2ED /* MLXWhisperTranscriber.swift in Sources */ = {isa = PBXBuildFile; fileRef = 463808DDCB81AD569E586648 /* MLXWhisperTranscriber.swift */; };
		78A3714EA538A244B9545F96 /* PermissionsView.swift in Sources */ = {isa = PBXBuildFile; fileRef = 1AD87E2B435DEB3F3784C3A2 /* PermissionsView.swift */; };
		79B9F3CE02FFB5DBF775BBB3 /* TranscriptionRecord.swift in Sources */ = {isa = PBXBuildFile; fileRef = 6AFFD00EAEBC2F07C4062D25 /* TranscriptionRecord.swift */; };
		81D4D28DB6D4F33B0CB228DA /* ExecutableResolver.swift in Sources */ = {isa = PBXBuildFile; fileRef = D6E00CA9372B724F0F716FDB /* ExecutableResolver.swift */; };
		824CCC3C04604E128121A186 /* UserDefaults+App.swift in Sources */ = {isa = PBXBuildFile; fileRef = D9C34B26A536009D7C43E8FB /* UserDefaults+App.swift */; };
		85DADAB23F78220D1A7F4146 /* HotkeyManager.swift in Sources */ = {isa = PBXBuildFile; fileRef = 5C2E2D4C8581FA0209445789 /* HotkeyManager.swift */; };
		8ABD425DA7CD9DC6699EDD14 /* ClipboardSwapManager.swift in Sources */ = {isa = PBXBuildFile; fileRef = D7D04FE3781AE1BCDA7513AE /* ClipboardSwapManager.swift */; };
		8E6744E7246350C78A75629C /* StatsDetailView.swift in Sources */ = {isa = PBXBuildFile; fileRef = 6BCFC42723ED59AF322A6C88 /* StatsDetailView.swift */; };
		9173C0F1B22F0207CA701C03 /* RecordingOverlayPanelController.swift in Sources */ = {isa = PBXBuildFile; fileRef = 44D30B41A9B4D61DA3470CAA /* RecordingOverlayPanelController.swift */; };
		9191E3F20122A963AEC0C134 /* AccentColorOption.swift in Sources */ = {isa = PBXBuildFile; fileRef = AE3356D0F5CCF254C1984D8C /* AccentColorOption.swift */; };
		91F8D15E0031E5034CEE422D /* RetryPolicy.swift in Sources */ = {isa = PBXBuildFile; fileRef = 39B6EA7FC3CB89FF2C37FA1F /* RetryPolicy.swift */; };
		958304B3A241AE22D203CF95 /* HomeView.swift in Sources */ = {isa = PBXBuildFile; fileRef = 446711C762AA60CEBE241F15 /* HomeView.swift */; };
		96BAAD2ABF31A106740B0770 /* ReplacementRulesView.swift in Sources */ = {isa = PBXBuildFile; fileRef = 80210D9F555CC179FACC9193 /* ReplacementRulesView.swift */; };
		982D9C3F8673C3ECBF9EE51D /* OverlaySettingsView.swift in Sources */ = {isa = PBXBuildFile; fileRef = D8DD6FFDA288059D3B8394BA /* OverlaySettingsView.swift */; };
		989814569976C1AF0C15E23A /* FeedbackViewModel.swift in Sources */ = {isa = PBXBuildFile; fileRef = F8D43790A6EF8099EECF197D /* FeedbackViewModel.swift */; };
		A520D284CD372B3A8FF1E22E /* StatsQuickCard.swift in Sources */ = {isa = PBXBuildFile; fileRef = 25ABBF18D9F1DADA7B22A6C1 /* StatsQuickCard.swift */; };
		A80911E9505BAED1CD9745E4 /* RecordingOverlayView.swift in Sources */ = {isa = PBXBuildFile; fileRef = 43E72DB8C54C86910CBB1A9F /* RecordingOverlayView.swift */; };
		A844E3A8F00D4089DDB0E9DB /* OnboardingPermissionBadge.swift in Sources */ = {isa = PBXBuildFile; fileRef = 4CF8287E3679B129AF07D6BE /* OnboardingPermissionBadge.swift */; };
		AB4F54DACB0619943575B3F3 /* SystemSettingsSheetView.swift in Sources */ = {isa = PBXBuildFile; fileRef = DC8217B54599BF72DAD5DEA6 /* SystemSettingsSheetView.swift */; };
		AFDDE02390C430F0E2D7080D /* AccessibilityTextReader.swift in Sources */ = {isa = PBXBuildFile; fileRef = B9E47844B3AEA1E7F16F987B /* AccessibilityTextReader.swift */; };
		B01D0D8A7DC3B6776AD92514 /* OnboardingView.swift in Sources */ = {isa = PBXBuildFile; fileRef = 2046172AEC0A8D6FEAF8CE90 /* OnboardingView.swift */; };
		BE881F129D5D74775B9BCC93 /* FeatureGate.swift in Sources */ = {isa = PBXBuildFile; fileRef = 0EC76D15E6BAC58CBE002F7A /* FeatureGate.swift */; };
		C2E2AC352AB629825007587E /* LocalTranscriptionService.swift in Sources */ = {isa = PBXBuildFile; fileRef = 0B032E884AFEAD514B0A4A57 /* LocalTranscriptionService.swift */; };
		C4586EA77285D7A71465DA5F /* ContentView.swift in Sources */ = {isa = PBXBuildFile; fileRef = 7DE48AF75704E2DBF286F60A /* ContentView.swift */; };
		C93F4F882ED8009734CE05DF /* DictateApp.swift in Sources */ = {isa = PBXBuildFile; fileRef = C44D690A6A6E80FEAAD5F1BF /* DictateApp.swift */; };
		CC33B5CD8C735F8D5D8C3440 /* SpeechLocaleMapper.swift in Sources */ = {isa = PBXBuildFile; fileRef = 9CCCE532DB670594CDFB8F6B /* SpeechLocaleMapper.swift */; };
		CC73AB4E77D3CB0B9E1705CA /* TranscriptionPipeline.swift in Sources */ = {isa = PBXBuildFile; fileRef = 36782C3E5F0F7FABBCA00CBF /* TranscriptionPipeline.swift */; };
		CC8B345F91B9C3EA27EA06F0 /* AppConfig.swift in Sources */ = {isa = PBXBuildFile; fileRef = C58A3C0EB312C8E4C9759BD2 /* AppConfig.swift */; };
		D45F3662F152B90ADEABBEDC /* MicrophoneSelection.swift in Sources */ = {isa = PBXBuildFile; fileRef = 14A46C02789F43147E1955B2 /* MicrophoneSelection.swift */; };
		DC6CA492BB469D909DADC98F /* ReplacementRule.swift in Sources */ = {isa = PBXBuildFile; fileRef = 24F5E9A62B0AF04E0F0192EB /* ReplacementRule.swift */; };
		DCA83C343039478FC13B1898 /* Date+RelativeShort.swift in Sources */ = {isa = PBXBuildFile; fileRef = 96FDC35E47049B4A082EBC58 /* Date+RelativeShort.swift */; };
		DE4C932D7F1686F63ABA2E32 /* InfoPlist.xcstrings in Resources */ = {isa = PBXBuildFile; fileRef = C4220FCB6ECD7D8D63B8681F /* InfoPlist.xcstrings */; };
		DF086F91D0E2904B876EAB1A /* AppText.swift in Sources */ = {isa = PBXBuildFile; fileRef = A830A9F27565D205848F2239 /* AppText.swift */; };
		ED41CA535893DA874C989A32 /* AppModelContainer.swift in Sources */ = {isa = PBXBuildFile; fileRef = 369FFF5D02EA1BAB1D3BB39C /* AppModelContainer.swift */; };
		EFC9979F464AC43CBA3002BF /* PendingInsertionPolicy.swift in Sources */ = {isa = PBXBuildFile; fileRef = F3DB41A4436638754FD4EBEE /* PendingInsertionPolicy.swift */; };
		F0C7AD053D90380A9FEA514A /* RecordingTimerFormat.swift in Sources */ = {isa = PBXBuildFile; fileRef = C3BCD00933B662F058DE2EFA /* RecordingTimerFormat.swift */; };
		F5686FE13B5F827C83EA73AE /* UserDefaultsProviding.swift in Sources */ = {isa = PBXBuildFile; fileRef = 53DA56FF50E5792046ADE648 /* UserDefaultsProviding.swift */; };
		F982BD04E64BB290F4E5F2E7 /* DictationManager.swift in Sources */ = {isa = PBXBuildFile; fileRef = A002A8932D81B1A85B6456C8 /* DictationManager.swift */; };
		FE0245464E59DF33D36CC0B6 /* ErrorNotificationService.swift in Sources */ = {isa = PBXBuildFile; fileRef = 002B29A39B4744635D8363A2 /* ErrorNotificationService.swift */; };
		FE35E48CFF4482EECDD900FA /* GeneralSettingsSheetView.swift in Sources */ = {isa = PBXBuildFile; fileRef = 0DBB7003BDCD383D1FA0372B /* GeneralSettingsSheetView.swift */; };
/* End PBXBuildFile section */

/* Begin PBXFileReference section */
		002B29A39B4744635D8363A2 /* ErrorNotificationService.swift */ = {isa = PBXFileReference; lastKnownFileType = sourcecode.swift; path = ErrorNotificationService.swift; sourceTree = "<group>"; };
		05655ACB6FC2D0297C78D32B /* HistoryDetailView.swift */ = {isa = PBXFileReference; lastKnownFileType = sourcecode.swift; path = HistoryDetailView.swift; sourceTree = "<group>"; };
		07C5923866CFE015C776B15B /* SettingsView.swift */ = {isa = PBXFileReference; lastKnownFileType = sourcecode.swift; path = SettingsView.swift; sourceTree = "<group>"; };
		0B032E884AFEAD514B0A4A57 /* LocalTranscriptionService.swift */ = {isa = PBXFileReference; lastKnownFileType = sourcecode.swift; path = LocalTranscriptionService.swift; sourceTree = "<group>"; };
		0C43251F44F951DC9839144A /* Assets.xcassets */ = {isa = PBXFileReference; lastKnownFileType = folder.assetcatalog; path = Assets.xcassets; sourceTree = "<group>"; };
		0DBB7003BDCD383D1FA0372B /* GeneralSettingsSheetView.swift */ = {isa = PBXFileReference; lastKnownFileType = sourcecode.swift; path = GeneralSettingsSheetView.swift; sourceTree = "<group>"; };
		0EC76D15E6BAC58CBE002F7A /* FeatureGate.swift */ = {isa = PBXFileReference; lastKnownFileType = sourcecode.swift; path = FeatureGate.swift; sourceTree = "<group>"; };
		13011C48221343938AA0866E /* OnboardingHotkeyStep.swift */ = {isa = PBXFileReference; lastKnownFileType = sourcecode.swift; path = OnboardingHotkeyStep.swift; sourceTree = "<group>"; };
		14A46C02789F43147E1955B2 /* MicrophoneSelection.swift */ = {isa = PBXFileReference; lastKnownFileType = sourcecode.swift; path = MicrophoneSelection.swift; sourceTree = "<group>"; };
		1A2ECCBB92B112ADA1FC1F10 /* OnboardingAccessibilityStep.swift */ = {isa = PBXFileReference; lastKnownFileType = sourcecode.swift; path = OnboardingAccessibilityStep.swift; sourceTree = "<group>"; };
		1AD87E2B435DEB3F3784C3A2 /* PermissionsView.swift */ = {isa = PBXFileReference; lastKnownFileType = sourcecode.swift; path = PermissionsView.swift; sourceTree = "<group>"; };
		2046172AEC0A8D6FEAF8CE90 /* OnboardingView.swift */ = {isa = PBXFileReference; lastKnownFileType = sourcecode.swift; path = OnboardingView.swift; sourceTree = "<group>"; };
		24F5E9A62B0AF04E0F0192EB /* ReplacementRule.swift */ = {isa = PBXFileReference; lastKnownFileType = sourcecode.swift; path = ReplacementRule.swift; sourceTree = "<group>"; };
		2569BBD45C75D83DAF48EEBB /* SettingsComponents.swift */ = {isa = PBXFileReference; lastKnownFileType = sourcecode.swift; path = SettingsComponents.swift; sourceTree = "<group>"; };
		25ABBF18D9F1DADA7B22A6C1 /* StatsQuickCard.swift */ = {isa = PBXFileReference; lastKnownFileType = sourcecode.swift; path = StatsQuickCard.swift; sourceTree = "<group>"; };
		2674CFE19CFC015071C98CC9 /* LaunchAtLoginManager.swift */ = {isa = PBXFileReference; lastKnownFileType = sourcecode.swift; path = LaunchAtLoginManager.swift; sourceTree = "<group>"; };
		2CF5AF48EA0F997324C78287 /* AudioRecorderMac.swift */ = {isa = PBXFileReference; lastKnownFileType = sourcecode.swift; path = AudioRecorderMac.swift; sourceTree = "<group>"; };
		36782C3E5F0F7FABBCA00CBF /* TranscriptionPipeline.swift */ = {isa = PBXFileReference; lastKnownFileType = sourcecode.swift; path = TranscriptionPipeline.swift; sourceTree = "<group>"; };
		369FFF5D02EA1BAB1D3BB39C /* AppModelContainer.swift */ = {isa = PBXFileReference; lastKnownFileType = sourcecode.swift; path = AppModelContainer.swift; sourceTree = "<group>"; };
		37BC482E90BDC145CF3907A0 /* DictionaryEntry.swift */ = {isa = PBXFileReference; lastKnownFileType = sourcecode.swift; path = DictionaryEntry.swift; sourceTree = "<group>"; };
		37F782F0E657B0C40EB526F2 /* PhoneticNormalizer.swift */ = {isa = PBXFileReference; lastKnownFileType = sourcecode.swift; path = PhoneticNormalizer.swift; sourceTree = "<group>"; };
		39B6EA7FC3CB89FF2C37FA1F /* RetryPolicy.swift */ = {isa = PBXFileReference; lastKnownFileType = sourcecode.swift; path = RetryPolicy.swift; sourceTree = "<group>"; };
		3B0550EE56402CA623A7D0E1 /* LastTranscriptionCard.swift */ = {isa = PBXFileReference; lastKnownFileType = sourcecode.swift; path = LastTranscriptionCard.swift; sourceTree = "<group>"; };
		43E72DB8C54C86910CBB1A9F /* RecordingOverlayView.swift */ = {isa = PBXFileReference; lastKnownFileType = sourcecode.swift; path = RecordingOverlayView.swift; sourceTree = "<group>"; };
		446711C762AA60CEBE241F15 /* HomeView.swift */ = {isa = PBXFileReference; lastKnownFileType = sourcecode.swift; path = HomeView.swift; sourceTree = "<group>"; };
		44D30B41A9B4D61DA3470CAA /* RecordingOverlayPanelController.swift */ = {isa = PBXFileReference; lastKnownFileType = sourcecode.swift; path = RecordingOverlayPanelController.swift; sourceTree = "<group>"; };
		45BD78DBCC719C0CFAC94804 /* DictateApp.app */ = {isa = PBXFileReference; explicitFileType = wrapper.application; includeInIndex = 0; path = DictateApp.app; sourceTree = BUILT_PRODUCTS_DIR; };
		463808DDCB81AD569E586648 /* MLXWhisperTranscriber.swift */ = {isa = PBXFileReference; lastKnownFileType = sourcecode.swift; path = MLXWhisperTranscriber.swift; sourceTree = "<group>"; };
		49CC634CFEEB0BDCE6592475 /* HistoryView.swift */ = {isa = PBXFileReference; lastKnownFileType = sourcecode.swift; path = HistoryView.swift; sourceTree = "<group>"; };
		4CF8287E3679B129AF07D6BE /* OnboardingPermissionBadge.swift */ = {isa = PBXFileReference; lastKnownFileType = sourcecode.swift; path = OnboardingPermissionBadge.swift; sourceTree = "<group>"; };
		53DA56FF50E5792046ADE648 /* UserDefaultsProviding.swift */ = {isa = PBXFileReference; lastKnownFileType = sourcecode.swift; path = UserDefaultsProviding.swift; sourceTree = "<group>"; };
		560C7D997E32638E86A5A9C8 /* DictionaryView.swift */ = {isa = PBXFileReference; lastKnownFileType = sourcecode.swift; path = DictionaryView.swift; sourceTree = "<group>"; };
		5C2E2D4C8581FA0209445789 /* HotkeyManager.swift */ = {isa = PBXFileReference; lastKnownFileType = sourcecode.swift; path = HotkeyManager.swift; sourceTree = "<group>"; };
		61E92EEC8EB1C655E183B463 /* DictateSettingsView.swift */ = {isa = PBXFileReference; lastKnownFileType = sourcecode.swift; path = DictateSettingsView.swift; sourceTree = "<group>"; };
		6AFFD00EAEBC2F07C4062D25 /* TranscriptionRecord.swift */ = {isa = PBXFileReference; lastKnownFileType = sourcecode.swift; path = TranscriptionRecord.swift; sourceTree = "<group>"; };
		6BCFC42723ED59AF322A6C88 /* StatsDetailView.swift */ = {isa = PBXFileReference; lastKnownFileType = sourcecode.swift; path = StatsDetailView.swift; sourceTree = "<group>"; };
		6D132627EE66AD25C37EE596 /* StatsView.swift */ = {isa = PBXFileReference; lastKnownFileType = sourcecode.swift; path = StatsView.swift; sourceTree = "<group>"; };
		771E7CCF1CE2A90C1657FB04 /* PermissionManager.swift */ = {isa = PBXFileReference; lastKnownFileType = sourcecode.swift; path = PermissionManager.swift; sourceTree = "<group>"; };
		7B6BBB446C934DC35DB05DBB /* SpellCheckService.swift */ = {isa = PBXFileReference; lastKnownFileType = sourcecode.swift; path = SpellCheckService.swift; sourceTree = "<group>"; };
		7DE48AF75704E2DBF286F60A /* ContentView.swift */ = {isa = PBXFileReference; lastKnownFileType = sourcecode.swift; path = ContentView.swift; sourceTree = "<group>"; };
		80210D9F555CC179FACC9193 /* ReplacementRulesView.swift */ = {isa = PBXFileReference; lastKnownFileType = sourcecode.swift; path = ReplacementRulesView.swift; sourceTree = "<group>"; };
		80AA6F7341BFA2B46A6CF61B /* OnboardingMicrophoneStep.swift */ = {isa = PBXFileReference; lastKnownFileType = sourcecode.swift; path = OnboardingMicrophoneStep.swift; sourceTree = "<group>"; };
		8DDFFDC894F5CFDBDCD8D5AD /* ReplacementEngine.swift */ = {isa = PBXFileReference; lastKnownFileType = sourcecode.swift; path = ReplacementEngine.swift; sourceTree = "<group>"; };
		93881C4C1F7EBB7278F7EC29 /* OnboardingWelcomeStep.swift */ = {isa = PBXFileReference; lastKnownFileType = sourcecode.swift; path = OnboardingWelcomeStep.swift; sourceTree = "<group>"; };
		96FDC35E47049B4A082EBC58 /* Date+RelativeShort.swift */ = {isa = PBXFileReference; lastKnownFileType = sourcecode.swift; path = "Date+RelativeShort.swift"; sourceTree = "<group>"; };
		9CCCE532DB670594CDFB8F6B /* SpeechLocaleMapper.swift */ = {isa = PBXFileReference; lastKnownFileType = sourcecode.swift; path = SpeechLocaleMapper.swift; sourceTree = "<group>"; };
		A002A8932D81B1A85B6456C8 /* DictationManager.swift */ = {isa = PBXFileReference; lastKnownFileType = sourcecode.swift; path = DictationManager.swift; sourceTree = "<group>"; };
		A0A2FC530279B6DA4C0E3EE8 /* MacAppKeys.swift */ = {isa = PBXFileReference; lastKnownFileType = sourcecode.swift; path = MacAppKeys.swift; sourceTree = "<group>"; };
		A830A9F27565D205848F2239 /* AppText.swift */ = {isa = PBXFileReference; lastKnownFileType = sourcecode.swift; path = AppText.swift; sourceTree = "<group>"; };
		ABCB9C3B6DF0483C2A2CD5FC /* AppTypography.swift */ = {isa = PBXFileReference; lastKnownFileType = sourcecode.swift; path = AppTypography.swift; sourceTree = "<group>"; };
		AE3356D0F5CCF254C1984D8C /* AccentColorOption.swift */ = {isa = PBXFileReference; lastKnownFileType = sourcecode.swift; path = AccentColorOption.swift; sourceTree = "<group>"; };
		B9E47844B3AEA1E7F16F987B /* AccessibilityTextReader.swift */ = {isa = PBXFileReference; lastKnownFileType = sourcecode.swift; path = AccessibilityTextReader.swift; sourceTree = "<group>"; };
		BB22284393C56FEFED6F2EF7 /* DictateApp.entitlements */ = {isa = PBXFileReference; lastKnownFileType = text.plist.entitlements; path = DictateApp.entitlements; sourceTree = "<group>"; };
		C00CDD15A3D369C9A305800E /* AudioFeedbackManager.swift */ = {isa = PBXFileReference; lastKnownFileType = sourcecode.swift; path = AudioFeedbackManager.swift; sourceTree = "<group>"; };
		C164DDEBD0312C29C25E3881 /* FeedbackView.swift */ = {isa = PBXFileReference; lastKnownFileType = sourcecode.swift; path = FeedbackView.swift; sourceTree = "<group>"; };
		C3BCD00933B662F058DE2EFA /* RecordingTimerFormat.swift */ = {isa = PBXFileReference; lastKnownFileType = sourcecode.swift; path = RecordingTimerFormat.swift; sourceTree = "<group>"; };
		C4220FCB6ECD7D8D63B8681F /* InfoPlist.xcstrings */ = {isa = PBXFileReference; lastKnownFileType = text.json.xcstrings; path = InfoPlist.xcstrings; sourceTree = "<group>"; };
		C44D690A6A6E80FEAAD5F1BF /* DictateApp.swift */ = {isa = PBXFileReference; lastKnownFileType = sourcecode.swift; path = DictateApp.swift; sourceTree = "<group>"; };
		C58A3C0EB312C8E4C9759BD2 /* AppConfig.swift */ = {isa = PBXFileReference; lastKnownFileType = sourcecode.swift; path = AppConfig.swift; sourceTree = "<group>"; };
		C79313D45B1F7DDA0049A547 /* HotkeySettingView.swift */ = {isa = PBXFileReference; lastKnownFileType = sourcecode.swift; path = HotkeySettingView.swift; sourceTree = "<group>"; };
		C7D57B3A669C7B53F535AEE8 /* DictionaryMatcher.swift */ = {isa = PBXFileReference; lastKnownFileType = sourcecode.swift; path = DictionaryMatcher.swift; sourceTree = "<group>"; };
		C7E9E67295E9243DB1447E4D /* OverlayPosition.swift */ = {isa = PBXFileReference; lastKnownFileType = sourcecode.swift; path = OverlayPosition.swift; sourceTree = "<group>"; };
		C8FE30FCC7145E1B086B2C7E /* DictateApp.Release.entitlements */ = {isa = PBXFileReference; lastKnownFileType = text.plist.entitlements; path = DictateApp.Release.entitlements; sourceTree = "<group>"; };
		D6E00CA9372B724F0F716FDB /* ExecutableResolver.swift */ = {isa = PBXFileReference; lastKnownFileType = sourcecode.swift; path = ExecutableResolver.swift; sourceTree = "<group>"; };
		D7D04FE3781AE1BCDA7513AE /* ClipboardSwapManager.swift */ = {isa = PBXFileReference; lastKnownFileType = sourcecode.swift; path = ClipboardSwapManager.swift; sourceTree = "<group>"; };
		D8DD6FFDA288059D3B8394BA /* OverlaySettingsView.swift */ = {isa = PBXFileReference; lastKnownFileType = sourcecode.swift; path = OverlaySettingsView.swift; sourceTree = "<group>"; };
		D9C34B26A536009D7C43E8FB /* UserDefaults+App.swift */ = {isa = PBXFileReference; lastKnownFileType = sourcecode.swift; path = "UserDefaults+App.swift"; sourceTree = "<group>"; };
		DC8217B54599BF72DAD5DEA6 /* SystemSettingsSheetView.swift */ = {isa = PBXFileReference; lastKnownFileType = sourcecode.swift; path = SystemSettingsSheetView.swift; sourceTree = "<group>"; };
		DEFDF4DCDE4F32112B06949A /* DeviceLanguageMapper.swift */ = {isa = PBXFileReference; lastKnownFileType = sourcecode.swift; path = DeviceLanguageMapper.swift; sourceTree = "<group>"; };
		F39EB5D9B0A03AC0AF992332 /* AvatarImageCache.swift */ = {isa = PBXFileReference; lastKnownFileType = sourcecode.swift; path = AvatarImageCache.swift; sourceTree = "<group>"; };
		F3DB41A4436638754FD4EBEE /* PendingInsertionPolicy.swift */ = {isa = PBXFileReference; lastKnownFileType = sourcecode.swift; path = PendingInsertionPolicy.swift; sourceTree = "<group>"; };
		F5345F311E88E6AE36991233 /* FormattingMode.swift */ = {isa = PBXFileReference; lastKnownFileType = sourcecode.swift; path = FormattingMode.swift; sourceTree = "<group>"; };
		F8D43790A6EF8099EECF197D /* FeedbackViewModel.swift */ = {isa = PBXFileReference; lastKnownFileType = sourcecode.swift; path = FeedbackViewModel.swift; sourceTree = "<group>"; };
/* End PBXFileReference section */

/* Begin PBXGroup section */
		061632DAC4CD3EC4B271B137 /* DictateApp */ = {
			isa = PBXGroup;
			children = (
				0C43251F44F951DC9839144A /* Assets.xcassets */,
				BB22284393C56FEFED6F2EF7 /* DictateApp.entitlements */,
				C8FE30FCC7145E1B086B2C7E /* DictateApp.Release.entitlements */,
				C4220FCB6ECD7D8D63B8681F /* InfoPlist.xcstrings */,
				E7C28319001BCFE205E64EA9 /* App */,
				28681839C5D58AEA67E6CA2E /* Core */,
				97AF2F901839EBA197BD13D4 /* Models */,
				0A06A1C8AFCA1B7C3559E74A /* Services */,
				1B0922CC1819D8BFEA07FB29 /* ViewModels */,
				257B93CEA31AE454A60C0920 /* Views */,
			);
			path = DictateApp;
			sourceTree = "<group>";
		};
		0A06A1C8AFCA1B7C3559E74A /* Services */ = {
			isa = PBXGroup;
			children = (
				B9E47844B3AEA1E7F16F987B /* AccessibilityTextReader.swift */,
				C00CDD15A3D369C9A305800E /* AudioFeedbackManager.swift */,
				2CF5AF48EA0F997324C78287 /* AudioRecorderMac.swift */,
				D7D04FE3781AE1BCDA7513AE /* ClipboardSwapManager.swift */,
				A002A8932D81B1A85B6456C8 /* DictationManager.swift */,
				C7D57B3A669C7B53F535AEE8 /* DictionaryMatcher.swift */,
				002B29A39B4744635D8363A2 /* ErrorNotificationService.swift */,
				D6E00CA9372B724F0F716FDB /* ExecutableResolver.swift */,
				5C2E2D4C8581FA0209445789 /* HotkeyManager.swift */,
				2674CFE19CFC015071C98CC9 /* LaunchAtLoginManager.swift */,
				0B032E884AFEAD514B0A4A57 /* LocalTranscriptionService.swift */,
				14A46C02789F43147E1955B2 /* MicrophoneSelection.swift */,
				463808DDCB81AD569E586648 /* MLXWhisperTranscriber.swift */,
				771E7CCF1CE2A90C1657FB04 /* PermissionManager.swift */,
				37F782F0E657B0C40EB526F2 /* PhoneticNormalizer.swift */,
				44D30B41A9B4D61DA3470CAA /* RecordingOverlayPanelController.swift */,
				8DDFFDC894F5CFDBDCD8D5AD /* ReplacementEngine.swift */,
				7B6BBB446C934DC35DB05DBB /* SpellCheckService.swift */,
				36782C3E5F0F7FABBCA00CBF /* TranscriptionPipeline.swift */,
			);
			path = Services;
			sourceTree = "<group>";
		};
		1B0922CC1819D8BFEA07FB29 /* ViewModels */ = {
			isa = PBXGroup;
			children = (
				F8D43790A6EF8099EECF197D /* FeedbackViewModel.swift */,
			);
			path = ViewModels;
			sourceTree = "<group>";
		};
		229805DD8048818352D6F3FD /* Components */ = {
			isa = PBXGroup;
			children = (
				AE3356D0F5CCF254C1984D8C /* AccentColorOption.swift */,
				43E72DB8C54C86910CBB1A9F /* RecordingOverlayView.swift */,
				2569BBD45C75D83DAF48EEBB /* SettingsComponents.swift */,
			);
			path = Components;
			sourceTree = "<group>";
		};
		257B93CEA31AE454A60C0920 /* Views */ = {
			isa = PBXGroup;
			children = (
				7DE48AF75704E2DBF286F60A /* ContentView.swift */,
				229805DD8048818352D6F3FD /* Components */,
				548DCFBF5B72565CA4635733 /* History */,
				29B1611ADE8644206505F14D /* Home */,
				DAFD998E5D497B4FAD4FA1D4 /* Onboarding */,
				7187A3F9654D93C70DD4FC99 /* Settings */,
				E7DC1FE6F18BD642E07B64F4 /* Stats */,
			);
			path = Views;
			sourceTree = "<group>";
		};
		28681839C5D58AEA67E6CA2E /* Core */ = {
			isa = PBXGroup;
			children = (
				C58A3C0EB312C8E4C9759BD2 /* AppConfig.swift */,
				A830A9F27565D205848F2239 /* AppText.swift */,
				ABCB9C3B6DF0483C2A2CD5FC /* AppTypography.swift */,
				F39EB5D9B0A03AC0AF992332 /* AvatarImageCache.swift */,
				96FDC35E47049B4A082EBC58 /* Date+RelativeShort.swift */,
				DEFDF4DCDE4F32112B06949A /* DeviceLanguageMapper.swift */,
				0EC76D15E6BAC58CBE002F7A /* FeatureGate.swift */,
				F5345F311E88E6AE36991233 /* FormattingMode.swift */,
				A0A2FC530279B6DA4C0E3EE8 /* MacAppKeys.swift */,
				C7E9E67295E9243DB1447E4D /* OverlayPosition.swift */,
				F3DB41A4436638754FD4EBEE /* PendingInsertionPolicy.swift */,
				C3BCD00933B662F058DE2EFA /* RecordingTimerFormat.swift */,
				39B6EA7FC3CB89FF2C37FA1F /* RetryPolicy.swift */,
				9CCCE532DB670594CDFB8F6B /* SpeechLocaleMapper.swift */,
				D9C34B26A536009D7C43E8FB /* UserDefaults+App.swift */,
				53DA56FF50E5792046ADE648 /* UserDefaultsProviding.swift */,
			);
			path = Core;
			sourceTree = "<group>";
		};
		29B1611ADE8644206505F14D /* Home */ = {
			isa = PBXGroup;
			children = (
				446711C762AA60CEBE241F15 /* HomeView.swift */,
				3B0550EE56402CA623A7D0E1 /* LastTranscriptionCard.swift */,
				25ABBF18D9F1DADA7B22A6C1 /* StatsQuickCard.swift */,
			);
			path = Home;
			sourceTree = "<group>";
		};
		548DCFBF5B72565CA4635733 /* History */ = {
			isa = PBXGroup;
			children = (
				05655ACB6FC2D0297C78D32B /* HistoryDetailView.swift */,
				49CC634CFEEB0BDCE6592475 /* HistoryView.swift */,
			);
			path = History;
			sourceTree = "<group>";
		};
		7187A3F9654D93C70DD4FC99 /* Settings */ = {
			isa = PBXGroup;
			children = (
				61E92EEC8EB1C655E183B463 /* DictateSettingsView.swift */,
				560C7D997E32638E86A5A9C8 /* DictionaryView.swift */,
				C164DDEBD0312C29C25E3881 /* FeedbackView.swift */,
				0DBB7003BDCD383D1FA0372B /* GeneralSettingsSheetView.swift */,
				C79313D45B1F7DDA0049A547 /* HotkeySettingView.swift */,
				D8DD6FFDA288059D3B8394BA /* OverlaySettingsView.swift */,
				1AD87E2B435DEB3F3784C3A2 /* PermissionsView.swift */,
				80210D9F555CC179FACC9193 /* ReplacementRulesView.swift */,
				07C5923866CFE015C776B15B /* SettingsView.swift */,
				DC8217B54599BF72DAD5DEA6 /* SystemSettingsSheetView.swift */,
			);
			path = Settings;
			sourceTree = "<group>";
		};
		90E8E85EA3B5F41E6CEC14DF = {
			isa = PBXGroup;
			children = (
				061632DAC4CD3EC4B271B137 /* DictateApp */,
				B6DA7E475110F318C9ECE604 /* Products */,
			);
			sourceTree = "<group>";
		};
		97AF2F901839EBA197BD13D4 /* Models */ = {
			isa = PBXGroup;
			children = (
				369FFF5D02EA1BAB1D3BB39C /* AppModelContainer.swift */,
				37BC482E90BDC145CF3907A0 /* DictionaryEntry.swift */,
				24F5E9A62B0AF04E0F0192EB /* ReplacementRule.swift */,
				6AFFD00EAEBC2F07C4062D25 /* TranscriptionRecord.swift */,
			);
			path = Models;
			sourceTree = "<group>";
		};
		B6DA7E475110F318C9ECE604 /* Products */ = {
			isa = PBXGroup;
			children = (
				45BD78DBCC719C0CFAC94804 /* DictateApp.app */,
			);
			name = Products;
			sourceTree = "<group>";
		};
		DAFD998E5D497B4FAD4FA1D4 /* Onboarding */ = {
			isa = PBXGroup;
			children = (
				1A2ECCBB92B112ADA1FC1F10 /* OnboardingAccessibilityStep.swift */,
				13011C48221343938AA0866E /* OnboardingHotkeyStep.swift */,
				80AA6F7341BFA2B46A6CF61B /* OnboardingMicrophoneStep.swift */,
				4CF8287E3679B129AF07D6BE /* OnboardingPermissionBadge.swift */,
				2046172AEC0A8D6FEAF8CE90 /* OnboardingView.swift */,
				93881C4C1F7EBB7278F7EC29 /* OnboardingWelcomeStep.swift */,
			);
			path = Onboarding;
			sourceTree = "<group>";
		};
		E7C28319001BCFE205E64EA9 /* App */ = {
			isa = PBXGroup;
			children = (
				C44D690A6A6E80FEAAD5F1BF /* DictateApp.swift */,
			);
			path = App;
			sourceTree = "<group>";
		};
		E7DC1FE6F18BD642E07B64F4 /* Stats */ = {
			isa = PBXGroup;
			children = (
				6BCFC42723ED59AF322A6C88 /* StatsDetailView.swift */,
				6D132627EE66AD25C37EE596 /* StatsView.swift */,
			);
			path = Stats;
			sourceTree = "<group>";
		};
/* End PBXGroup section */

/* Begin PBXNativeTarget section */
		1164F633C5A8CF3EEFFF5986 /* DictateApp */ = {
			isa = PBXNativeTarget;
			buildConfigurationList = BEC80DB0A89B397B68ED2919 /* Build configuration list for PBXNativeTarget "DictateApp" */;
			buildPhases = (
				8EE518681078B3AC9F2A0380 /* Sources */,
				8063B64B28A980577EC04907 /* Resources */,
			);
			buildRules = (
			);
			dependencies = (
			);
			name = DictateApp;
			packageProductDependencies = (
			);
			productName = DictateApp;
			productReference = 45BD78DBCC719C0CFAC94804 /* DictateApp.app */;
			productType = "com.apple.product-type.application";
		};
/* End PBXNativeTarget section */

/* Begin PBXProject section */
		7AE7C089D0E2DDB9842748D1 /* Project object */ = {
			isa = PBXProject;
			attributes = {
				BuildIndependentTargetsInParallel = YES;
				LastUpgradeCheck = 1600;
				TargetAttributes = {
				};
			};
			buildConfigurationList = 2ABDD7C814419ADB3F7C96DC /* Build configuration list for PBXProject "DictateApp" */;
			developmentRegion = en;
			hasScannedForEncodings = 0;
			knownRegions = (
				Base,
				en,
				"pt-BR",
			);
			mainGroup = 90E8E85EA3B5F41E6CEC14DF;
			minimizedProjectReferenceProxies = 1;
			preferredProjectObjectVersion = 77;
			productRefGroup = B6DA7E475110F318C9ECE604 /* Products */;
			projectDirPath = "";
			projectRoot = "";
			targets = (
				1164F633C5A8CF3EEFFF5986 /* DictateApp */,
			);
		};
/* End PBXProject section */

/* Begin PBXResourcesBuildPhase section */
		8063B64B28A980577EC04907 /* Resources */ = {
			isa = PBXResourcesBuildPhase;
			buildActionMask = 2147483647;
			files = (
				234E5971DABF9E00B9A1C732 /* Assets.xcassets in Resources */,
				DE4C932D7F1686F63ABA2E32 /* InfoPlist.xcstrings in Resources */,
			);
			runOnlyForDeploymentPostprocessing = 0;
		};
/* End PBXResourcesBuildPhase section */

/* Begin PBXSourcesBuildPhase section */
		8EE518681078B3AC9F2A0380 /* Sources */ = {
			isa = PBXSourcesBuildPhase;
			buildActionMask = 2147483647;
			files = (
				9191E3F20122A963AEC0C134 /* AccentColorOption.swift in Sources */,
				AFDDE02390C430F0E2D7080D /* AccessibilityTextReader.swift in Sources */,
				CC8B345F91B9C3EA27EA06F0 /* AppConfig.swift in Sources */,
				ED41CA535893DA874C989A32 /* AppModelContainer.swift in Sources */,
				DF086F91D0E2904B876EAB1A /* AppText.swift in Sources */,
				1A9B5469D59E258B0DD0050C /* AppTypography.swift in Sources */,
				145F98D5CA33C9937D1050FE /* AudioFeedbackManager.swift in Sources */,
				583972F87D53CE8808D9EF30 /* AudioRecorderMac.swift in Sources */,
				6259B3944751785CC972EA06 /* AvatarImageCache.swift in Sources */,
				8ABD425DA7CD9DC6699EDD14 /* ClipboardSwapManager.swift in Sources */,
				C4586EA77285D7A71465DA5F /* ContentView.swift in Sources */,
				DCA83C343039478FC13B1898 /* Date+RelativeShort.swift in Sources */,
				3F10ED1738F967396879833F /* DeviceLanguageMapper.swift in Sources */,
				C93F4F882ED8009734CE05DF /* DictateApp.swift in Sources */,
				5BEFAE0E3E257990991CF47F /* DictateSettingsView.swift in Sources */,
				F982BD04E64BB290F4E5F2E7 /* DictationManager.swift in Sources */,
				71E5C38B759EAF81162634BF /* DictionaryEntry.swift in Sources */,
				4A9C156B63DB1DA80CEB6334 /* DictionaryMatcher.swift in Sources */,
				30960518EB81F74C86B6008C /* DictionaryView.swift in Sources */,
				FE0245464E59DF33D36CC0B6 /* ErrorNotificationService.swift in Sources */,
				81D4D28DB6D4F33B0CB228DA /* ExecutableResolver.swift in Sources */,
				BE881F129D5D74775B9BCC93 /* FeatureGate.swift in Sources */,
				41D583F9152229E6492B262F /* FeedbackView.swift in Sources */,
				989814569976C1AF0C15E23A /* FeedbackViewModel.swift in Sources */,
				678AEBA89DBBA1BE8FF83A08 /* FormattingMode.swift in Sources */,
				FE35E48CFF4482EECDD900FA /* GeneralSettingsSheetView.swift in Sources */,
				40E4C19AA5E5A7EC00A3B064 /* HistoryDetailView.swift in Sources */,
				5D6BA971E717506F6A9D9F0C /* HistoryView.swift in Sources */,
				958304B3A241AE22D203CF95 /* HomeView.swift in Sources */,
				85DADAB23F78220D1A7F4146 /* HotkeyManager.swift in Sources */,
				4B7DC704CF191314162DECFC /* HotkeySettingView.swift in Sources */,
				1EE4F23E62F2059EACAA53F7 /* LastTranscriptionCard.swift in Sources */,
				103F937AE2E45DFC137777B1 /* LaunchAtLoginManager.swift in Sources */,
				C2E2AC352AB629825007587E /* LocalTranscriptionService.swift in Sources */,
				77AC7C6C451CE0ED3A43C2ED /* MLXWhisperTranscriber.swift in Sources */,
				4FDB9AB172A89C73B9E25770 /* MacAppKeys.swift in Sources */,
				D45F3662F152B90ADEABBEDC /* MicrophoneSelection.swift in Sources */,
				2567D4D11E8B3681F2ADCB9E /* OnboardingAccessibilityStep.swift in Sources */,
				1136A136886FD177E215839D /* OnboardingHotkeyStep.swift in Sources */,
				4199D82B4DF1E87040B23F71 /* OnboardingMicrophoneStep.swift in Sources */,
				A844E3A8F00D4089DDB0E9DB /* OnboardingPermissionBadge.swift in Sources */,
				B01D0D8A7DC3B6776AD92514 /* OnboardingView.swift in Sources */,
				0D181FD5DCB7E1B6394802D4 /* OnboardingWelcomeStep.swift in Sources */,
				6A8D973AB7FEC9659380970F /* OverlayPosition.swift in Sources */,
				982D9C3F8673C3ECBF9EE51D /* OverlaySettingsView.swift in Sources */,
				EFC9979F464AC43CBA3002BF /* PendingInsertionPolicy.swift in Sources */,
				1DFEF612150394C535D45B3A /* PermissionManager.swift in Sources */,
				78A3714EA538A244B9545F96 /* PermissionsView.swift in Sources */,
				0694E62441EC2C48C5415FD4 /* PhoneticNormalizer.swift in Sources */,
				9173C0F1B22F0207CA701C03 /* RecordingOverlayPanelController.swift in Sources */,
				A80911E9505BAED1CD9745E4 /* RecordingOverlayView.swift in Sources */,
				F0C7AD053D90380A9FEA514A /* RecordingTimerFormat.swift in Sources */,
				070C2E7BDB8C6444E99965EE /* ReplacementEngine.swift in Sources */,
				DC6CA492BB469D909DADC98F /* ReplacementRule.swift in Sources */,
				96BAAD2ABF31A106740B0770 /* ReplacementRulesView.swift in Sources */,
				91F8D15E0031E5034CEE422D /* RetryPolicy.swift in Sources */,
				036D7DAB7032F4394EEF9143 /* SettingsComponents.swift in Sources */,
				252B5C6F55206873AF4FA217 /* SettingsView.swift in Sources */,
				CC33B5CD8C735F8D5D8C3440 /* SpeechLocaleMapper.swift in Sources */,
				2CD69F286EE049BDC35C4278 /* SpellCheckService.swift in Sources */,
				8E6744E7246350C78A75629C /* StatsDetailView.swift in Sources */,
				A520D284CD372B3A8FF1E22E /* StatsQuickCard.swift in Sources */,
				13849D919BA9B086D982E2AA /* StatsView.swift in Sources */,
				AB4F54DACB0619943575B3F3 /* SystemSettingsSheetView.swift in Sources */,
				CC73AB4E77D3CB0B9E1705CA /* TranscriptionPipeline.swift in Sources */,
				79B9F3CE02FFB5DBF775BBB3 /* TranscriptionRecord.swift in Sources */,
				824CCC3C04604E128121A186 /* UserDefaults+App.swift in Sources */,
				F5686FE13B5F827C83EA73AE /* UserDefaultsProviding.swift in Sources */,
			);
			runOnlyForDeploymentPostprocessing = 0;
		};
/* End PBXSourcesBuildPhase section */

/* Begin XCBuildConfiguration section */
		724879B647C5C160E9F15F11 /* Debug */ = {
			isa = XCBuildConfiguration;
			buildSettings = {
				ASSETCATALOG_COMPILER_APPICON_NAME = AppIcon;
				CODE_SIGN_ENTITLEMENTS = DictateApp/DictateApp.entitlements;
				CODE_SIGN_STYLE = Automatic;
				COMBINE_HIDPI_IMAGES = YES;
				CURRENT_PROJECT_VERSION = 1;
				ENABLE_HARDENED_RUNTIME = YES;
				INFOPLIST_FILE = DictateApp/Info.plist;
				LD_RUNPATH_SEARCH_PATHS = (
					"$(inherited)",
					"@executable_path/../Frameworks",
				);
				MARKETING_VERSION = 0.1.0;
				PRODUCT_BUNDLE_IDENTIFIER = "com.gmalonso.whisper-dictate-mac";
				SDKROOT = macosx;
			};
			name = Debug;
		};
		AB2986BD827E13298C6786AF /* Debug */ = {
			isa = XCBuildConfiguration;
			buildSettings = {
				ALWAYS_SEARCH_USER_PATHS = NO;
				CLANG_ANALYZER_NONNULL = YES;
				CLANG_ANALYZER_NUMBER_OBJECT_CONVERSION = YES_AGGRESSIVE;
				CLANG_CXX_LANGUAGE_STANDARD = "gnu++14";
				CLANG_CXX_LIBRARY = "libc++";
				CLANG_ENABLE_MODULES = YES;
				CLANG_ENABLE_OBJC_ARC = YES;
				CLANG_ENABLE_OBJC_WEAK = YES;
				CLANG_WARN_BLOCK_CAPTURE_AUTORELEASING = YES;
				CLANG_WARN_BOOL_CONVERSION = YES;
				CLANG_WARN_COMMA = YES;
				CLANG_WARN_CONSTANT_CONVERSION = YES;
				CLANG_WARN_DEPRECATED_OBJC_IMPLEMENTATIONS = YES;
				CLANG_WARN_DIRECT_OBJC_ISA_USAGE = YES_ERROR;
				CLANG_WARN_DOCUMENTATION_COMMENTS = YES;
				CLANG_WARN_EMPTY_BODY = YES;
				CLANG_WARN_ENUM_CONVERSION = YES;
				CLANG_WARN_INFINITE_RECURSION = YES;
				CLANG_WARN_INT_CONVERSION = YES;
				CLANG_WARN_NON_LITERAL_NULL_CONVERSION = YES;
				CLANG_WARN_OBJC_IMPLICIT_RETAIN_SELF = YES;
				CLANG_WARN_OBJC_LITERAL_CONVERSION = YES;
				CLANG_WARN_OBJC_ROOT_CLASS = YES_ERROR;
				CLANG_WARN_QUOTED_INCLUDE_IN_FRAMEWORK_HEADER = YES;
				CLANG_WARN_RANGE_LOOP_ANALYSIS = YES;
				CLANG_WARN_STRICT_PROTOTYPES = YES;
				CLANG_WARN_SUSPICIOUS_MOVE = YES;
				CLANG_WARN_UNGUARDED_AVAILABILITY = YES_AGGRESSIVE;
				CLANG_WARN_UNREACHABLE_CODE = YES;
				CLANG_WARN__DUPLICATE_METHOD_MATCH = YES;
				COPY_PHASE_STRIP = NO;
				DEBUG_INFORMATION_FORMAT = dwarf;
				ENABLE_DEBUG_DYLIB = NO;
				ENABLE_HARDENED_RUNTIME = YES;
				ENABLE_STRICT_OBJC_MSGSEND = YES;
				ENABLE_TESTABILITY = YES;
				GCC_C_LANGUAGE_STANDARD = gnu11;
				GCC_DYNAMIC_NO_PIC = NO;
				GCC_NO_COMMON_BLOCKS = YES;
				GCC_OPTIMIZATION_LEVEL = 0;
				GCC_PREPROCESSOR_DEFINITIONS = (
					"$(inherited)",
					"DEBUG=1",
				);
				GCC_WARN_64_TO_32_BIT_CONVERSION = YES;
				GCC_WARN_ABOUT_RETURN_TYPE = YES_ERROR;
				GCC_WARN_UNDECLARED_SELECTOR = YES;
				GCC_WARN_UNINITIALIZED_AUTOS = YES_AGGRESSIVE;
				GCC_WARN_UNUSED_FUNCTION = YES;
				GCC_WARN_UNUSED_VARIABLE = YES;
				MACOSX_DEPLOYMENT_TARGET = 14.0;
				MTL_ENABLE_DEBUG_INFO = INCLUDE_SOURCE;
				MTL_FAST_MATH = YES;
				ONLY_ACTIVE_ARCH = YES;
				PRODUCT_NAME = "$(TARGET_NAME)";
				SDKROOT = macosx;
				SWIFT_ACTIVE_COMPILATION_CONDITIONS = DEBUG;
				SWIFT_OPTIMIZATION_LEVEL = "-Onone";
				SWIFT_VERSION = 5.10;
			};
			name = Debug;
		};
		C7A8EB56F2DA580E2F05E46D /* Release */ = {
			isa = XCBuildConfiguration;
			buildSettings = {
				ALWAYS_SEARCH_USER_PATHS = NO;
				CLANG_ANALYZER_NONNULL = YES;
				CLANG_ANALYZER_NUMBER_OBJECT_CONVERSION = YES_AGGRESSIVE;
				CLANG_CXX_LANGUAGE_STANDARD = "gnu++14";
				CLANG_CXX_LIBRARY = "libc++";
				CLANG_ENABLE_MODULES = YES;
				CLANG_ENABLE_OBJC_ARC = YES;
				CLANG_ENABLE_OBJC_WEAK = YES;
				CLANG_WARN_BLOCK_CAPTURE_AUTORELEASING = YES;
				CLANG_WARN_BOOL_CONVERSION = YES;
				CLANG_WARN_COMMA = YES;
				CLANG_WARN_CONSTANT_CONVERSION = YES;
				CLANG_WARN_DEPRECATED_OBJC_IMPLEMENTATIONS = YES;
				CLANG_WARN_DIRECT_OBJC_ISA_USAGE = YES_ERROR;
				CLANG_WARN_DOCUMENTATION_COMMENTS = YES;
				CLANG_WARN_EMPTY_BODY = YES;
				CLANG_WARN_ENUM_CONVERSION = YES;
				CLANG_WARN_INFINITE_RECURSION = YES;
				CLANG_WARN_INT_CONVERSION = YES;
				CLANG_WARN_NON_LITERAL_NULL_CONVERSION = YES;
				CLANG_WARN_OBJC_IMPLICIT_RETAIN_SELF = YES;
				CLANG_WARN_OBJC_LITERAL_CONVERSION = YES;
				CLANG_WARN_OBJC_ROOT_CLASS = YES_ERROR;
				CLANG_WARN_QUOTED_INCLUDE_IN_FRAMEWORK_HEADER = YES;
				CLANG_WARN_RANGE_LOOP_ANALYSIS = YES;
				CLANG_WARN_STRICT_PROTOTYPES = YES;
				CLANG_WARN_SUSPICIOUS_MOVE = YES;
				CLANG_WARN_UNGUARDED_AVAILABILITY = YES_AGGRESSIVE;
				CLANG_WARN_UNREACHABLE_CODE = YES;
				CLANG_WARN__DUPLICATE_METHOD_MATCH = YES;
				COPY_PHASE_STRIP = NO;
				DEBUG_INFORMATION_FORMAT = "dwarf-with-dsym";
				ENABLE_DEBUG_DYLIB = NO;
				ENABLE_HARDENED_RUNTIME = YES;
				ENABLE_NS_ASSERTIONS = NO;
				ENABLE_STRICT_OBJC_MSGSEND = YES;
				GCC_C_LANGUAGE_STANDARD = gnu11;
				GCC_NO_COMMON_BLOCKS = YES;
				GCC_WARN_64_TO_32_BIT_CONVERSION = YES;
				GCC_WARN_ABOUT_RETURN_TYPE = YES_ERROR;
				GCC_WARN_UNDECLARED_SELECTOR = YES;
				GCC_WARN_UNINITIALIZED_AUTOS = YES_AGGRESSIVE;
				GCC_WARN_UNUSED_FUNCTION = YES;
				GCC_WARN_UNUSED_VARIABLE = YES;
				MACOSX_DEPLOYMENT_TARGET = 14.0;
				MTL_ENABLE_DEBUG_INFO = NO;
				MTL_FAST_MATH = YES;
				PRODUCT_NAME = "$(TARGET_NAME)";
				SDKROOT = macosx;
				SWIFT_COMPILATION_MODE = wholemodule;
				SWIFT_OPTIMIZATION_LEVEL = "-O";
				SWIFT_VERSION = 5.10;
			};
			name = Release;
		};
		DED927F6B5B4CDAE9698A68A /* Release */ = {
			isa = XCBuildConfiguration;
			buildSettings = {
				ASSETCATALOG_COMPILER_APPICON_NAME = AppIcon;
				CODE_SIGN_ENTITLEMENTS = DictateApp/DictateApp.entitlements;
				COMBINE_HIDPI_IMAGES = YES;
				CURRENT_PROJECT_VERSION = 1;
				ENABLE_HARDENED_RUNTIME = YES;
				INFOPLIST_FILE = DictateApp/Info.plist;
				LD_RUNPATH_SEARCH_PATHS = (
					"$(inherited)",
					"@executable_path/../Frameworks",
				);
				MARKETING_VERSION = 0.1.0;
				PRODUCT_BUNDLE_IDENTIFIER = "com.gmalonso.whisper-dictate-mac";
				SDKROOT = macosx;
			};
			name = Release;
		};
/* End XCBuildConfiguration section */

/* Begin XCConfigurationList section */
		2ABDD7C814419ADB3F7C96DC /* Build configuration list for PBXProject "DictateApp" */ = {
			isa = XCConfigurationList;
			buildConfigurations = (
				AB2986BD827E13298C6786AF /* Debug */,
				C7A8EB56F2DA580E2F05E46D /* Release */,
			);
			defaultConfigurationIsVisible = 0;
			defaultConfigurationName = Debug;
		};
		BEC80DB0A89B397B68ED2919 /* Build configuration list for PBXNativeTarget "DictateApp" */ = {
			isa = XCConfigurationList;
			buildConfigurations = (
				724879B647C5C160E9F15F11 /* Debug */,
				DED927F6B5B4CDAE9698A68A /* Release */,
			);
			defaultConfigurationIsVisible = 0;
			defaultConfigurationName = Debug;
		};
/* End XCConfigurationList section */
	};
	rootObject = 7AE7C089D0E2DDB9842748D1 /* Project object */;
}
